
Microsoft Visual Studio Solution File, Format Version 12.00
# Visual Studio Version 17
VisualStudioVersion = 17.8.34309.116
MinimumVisualStudioVersion = 10.0.40219.1
Project("{FAE04EC0-301F-11D3-BF4B-00C04F79EFBC}") = "BinaryTree", "BinaryTree\BinaryTree.csproj", "{E7AAF7D1-71FB-4AD0-9D40-BB53A68CED1D}"
EndProject
Global
	GlobalSection(SolutionConfigurationPlatforms) = preSolution
		Debug|Any CPU = Debug|Any CPU
		Release|Any CPU = Release|Any CPU
	EndGlobalSection
	GlobalSection(ProjectConfigurationPlatforms) = postSolution
		{E7AAF7D1-71FB-4AD0-9D40-BB53A68CED1D}.Debug|Any CPU.ActiveCfg = Debug|Any CPU
		{E7AAF7D1-71FB-4AD0-9D40-BB53A68CED1D}.Debug|Any CPU.Build.0 = Debug|Any CPU
		{E7AAF7D1-71FB-4AD0-9D40-BB53A68CED1D}.Release|Any CPU.ActiveCfg = Release|Any CPU
		{E7AAF7D1-71FB-4AD0-9D40-BB53A68CED1D}.Release|Any CPU.Build.0 = Release|Any CPU
	EndGlobalSection
	GlobalSection(SolutionProperties) = preSolution
		HideSolutionNode = FALSE
	EndGlobalSection
	GlobalSection(ExtensibilityGlobals) = postSolution
		SolutionGuid = {617AAC7A-355D-47F1-A5CC-0376900F28F3}
	EndGlobalSection
EndGlobal
